
Microsoft Visual Studio Solution File, Format Version 12.00
# Visual Studio Version 17
VisualStudioVersion = 17.8.34316.72
MinimumVisualStudioVersion = 10.0.40219.1
Project("{FAE04EC0-301F-11D3-BF4B-00C04F79EFBC}") = "uygulama", "uygulama\uygulama.csproj", "{D78BE76E-24FD-4301-B88A-0DF455CE75FF}"
EndProject
Global
	GlobalSection(SolutionConfigurationPlatforms) = preSolution
		Debug|Any CPU = Debug|Any CPU
		Release|Any CPU = Release|Any CPU
	EndGlobalSection
	GlobalSection(ProjectConfigurationPlatforms) = postSolution
		{D78BE76E-24FD-4301-B88A-0DF455CE75FF}.Debug|Any CPU.ActiveCfg = Debug|Any CPU
		{D78BE76E-24FD-4301-B88A-0DF455CE75FF}.Debug|Any CPU.Build.0 = Debug|Any CPU
		{D78BE76E-24FD-4301-B88A-0DF455CE75FF}.Release|Any CPU.ActiveCfg = Release|Any CPU
		{D78BE76E-24FD-4301-B88A-0DF455CE75FF}.Release|Any CPU.Build.0 = Release|Any CPU
	EndGlobalSection
	GlobalSection(SolutionProperties) = preSolution
		HideSolutionNode = FALSE
	EndGlobalSection
	GlobalSection(ExtensibilityGlobals) = postSolution
		SolutionGuid = {F4C2CFA1-76AD-4D38-932B-A71D90028FBD}
	EndGlobalSection
EndGlobal
